
Microsoft Visual Studio Solution File, Format Version 12.00
# Visual Studio Version 16
VisualStudioVersion = 16.0.32407.337
MinimumVisualStudioVersion = 10.0.40219.1
Project("{9A19103F-16F7-4668-BE54-9A1E7A4F7556}") = "MyFirstProject", "MyFirstProject\MyFirstProject.csproj", "{E959F606-2035-4ACA-96D9-BDF17A707298}"
EndProject
Project("{FAE04EC0-301F-11D3-BF4B-00C04F79EFBC}") = "ObjectOrientedProgrammingFundamentals", "ObjectOrientedProgrammingFundamentals\ObjectOrientedProgrammingFundamentals.csproj", "{F038E41C-5B14-454F-AA87-228F8EA75D9F}"
EndProject
Global
	GlobalSection(SolutionConfigurationPlatforms) = preSolution
		Debug|Any CPU = Debug|Any CPU
		Release|Any CPU = Release|Any CPU
	EndGlobalSection
	GlobalSection(ProjectConfigurationPlatforms) = postSolution
		{E959F606-2035-4ACA-96D9-BDF17A707298}.Debug|Any CPU.ActiveCfg = Debug|Any CPU
		{E959F606-2035-4ACA-96D9-BDF17A707298}.Debug|Any CPU.Build.0 = Debug|Any CPU
		{E959F606-2035-4ACA-96D9-BDF17A707298}.Release|Any CPU.ActiveCfg = Release|Any CPU
		{E959F606-2035-4ACA-96D9-BDF17A707298}.Release|Any CPU.Build.0 = Release|Any CPU
		{F038E41C-5B14-454F-AA87-228F8EA75D9F}.Debug|Any CPU.ActiveCfg = Debug|Any CPU
		{F038E41C-5B14-454F-AA87-228F8EA75D9F}.Debug|Any CPU.Build.0 = Debug|Any CPU
		{F038E41C-5B14-454F-AA87-228F8EA75D9F}.Release|Any CPU.ActiveCfg = Release|Any CPU
		{F038E41C-5B14-454F-AA87-228F8EA75D9F}.Release|Any CPU.Build.0 = Release|Any CPU
	EndGlobalSection
	GlobalSection(SolutionProperties) = preSolution
		HideSolutionNode = FALSE
	EndGlobalSection
	GlobalSection(ExtensibilityGlobals) = postSolution
		SolutionGuid = {FDBBB3DF-CCD8-4075-BF00-D31EBF5E5109}
	EndGlobalSection
EndGlobal
