
Microsoft Visual Studio Solution File, Format Version 12.00
# Visual Studio Version 16
VisualStudioVersion = 16.0.32407.337
MinimumVisualStudioVersion = 10.0.40219.1
Project("{9A19103F-16F7-4668-BE54-9A1E7A4F7556}") = "MyFirstProject", "MyFirstProject\MyFirstProject.csproj", "{E959F606-2035-4ACA-96D9-BDF17A707298}"
EndProject
Project("{9A19103F-16F7-4668-BE54-9A1E7A4F7556}") = "ObjectOrientedProgrammingBasics", "ObjectOrientedProgrammingBasics\ObjectOrientedProgrammingBasics.csproj", "{E4BE3DA9-9EB9-45B0-9CC4-4B383553D2F9}"
EndProject
Project("{9A19103F-16F7-4668-BE54-9A1E7A4F7556}") = "DomainLogic", "DomainLogic\DomainLogic.csproj", "{C9D4E828-8F63-47B9-9B32-8A6D7865FF9C}"
EndProject
Project("{9A19103F-16F7-4668-BE54-9A1E7A4F7556}") = "InvoiceApplication", "InvoiceApplication\InvoiceApplication.csproj", "{CF6641C6-E25F-42DC-886C-E7A4B0D3B15C}"
EndProject
Project("{9A19103F-16F7-4668-BE54-9A1E7A4F7556}") = "LinqIntroduction", "LinqIntroduction\LinqIntroduction.csproj", "{C0B26BDE-C1C9-442A-AE90-CF989A376F48}"
EndProject
Project("{9A19103F-16F7-4668-BE54-9A1E7A4F7556}") = "ObjectOrientedProgramingContinuation", "ObjectOrientedProgramingContinuation\ObjectOrientedProgramingContinuation.csproj", "{1B1A72E9-395D-4786-8038-133663F7264B}"
EndProject
Project("{9A19103F-16F7-4668-BE54-9A1E7A4F7556}") = "ExamPractice", "ExamPractice\ExamPractice.csproj", "{C88215D0-E3B2-4F84-A04C-1521F747FF6C}"
EndProject
Project("{9A19103F-16F7-4668-BE54-9A1E7A4F7556}") = "DatabaseAccess", "DatabaseAccess\DatabaseAccess.csproj", "{4E42167E-E1FA-46B3-86AC-8973B1DE9DEF}"
EndProject
Project("{9A19103F-16F7-4668-BE54-9A1E7A4F7556}") = "DatabaseAccessUsingEntityFramework", "DatabaseAccessUsingEntityFramework\DatabaseAccessUsingEntityFramework.csproj", "{03C06B25-6C9B-47BC-A3EC-7A86B3EF857B}"
EndProject
Project("{FAE04EC0-301F-11D3-BF4B-00C04F79EFBC}") = "ExamPractice2", "ExamPractice2\ExamPractice2.csproj", "{570586AD-57A3-4754-BEA8-FB8461349D7E}"
EndProject
Global
	GlobalSection(SolutionConfigurationPlatforms) = preSolution
		Debug|Any CPU = Debug|Any CPU
		Release|Any CPU = Release|Any CPU
	EndGlobalSection
	GlobalSection(ProjectConfigurationPlatforms) = postSolution
		{E959F606-2035-4ACA-96D9-BDF17A707298}.Debug|Any CPU.ActiveCfg = Debug|Any CPU
		{E959F606-2035-4ACA-96D9-BDF17A707298}.Debug|Any CPU.Build.0 = Debug|Any CPU
		{E959F606-2035-4ACA-96D9-BDF17A707298}.Release|Any CPU.ActiveCfg = Release|Any CPU
		{E959F606-2035-4ACA-96D9-BDF17A707298}.Release|Any CPU.Build.0 = Release|Any CPU
		{E4BE3DA9-9EB9-45B0-9CC4-4B383553D2F9}.Debug|Any CPU.ActiveCfg = Debug|Any CPU
		{E4BE3DA9-9EB9-45B0-9CC4-4B383553D2F9}.Debug|Any CPU.Build.0 = Debug|Any CPU
		{E4BE3DA9-9EB9-45B0-9CC4-4B383553D2F9}.Release|Any CPU.ActiveCfg = Release|Any CPU
		{E4BE3DA9-9EB9-45B0-9CC4-4B383553D2F9}.Release|Any CPU.Build.0 = Release|Any CPU
		{C9D4E828-8F63-47B9-9B32-8A6D7865FF9C}.Debug|Any CPU.ActiveCfg = Debug|Any CPU
		{C9D4E828-8F63-47B9-9B32-8A6D7865FF9C}.Debug|Any CPU.Build.0 = Debug|Any CPU
		{C9D4E828-8F63-47B9-9B32-8A6D7865FF9C}.Release|Any CPU.ActiveCfg = Release|Any CPU
		{C9D4E828-8F63-47B9-9B32-8A6D7865FF9C}.Release|Any CPU.Build.0 = Release|Any CPU
		{CF6641C6-E25F-42DC-886C-E7A4B0D3B15C}.Debug|Any CPU.ActiveCfg = Debug|Any CPU
		{CF6641C6-E25F-42DC-886C-E7A4B0D3B15C}.Debug|Any CPU.Build.0 = Debug|Any CPU
		{CF6641C6-E25F-42DC-886C-E7A4B0D3B15C}.Release|Any CPU.ActiveCfg = Release|Any CPU
		{CF6641C6-E25F-42DC-886C-E7A4B0D3B15C}.Release|Any CPU.Build.0 = Release|Any CPU
		{C0B26BDE-C1C9-442A-AE90-CF989A376F48}.Debug|Any CPU.ActiveCfg = Debug|Any CPU
		{C0B26BDE-C1C9-442A-AE90-CF989A376F48}.Debug|Any CPU.Build.0 = Debug|Any CPU
		{C0B26BDE-C1C9-442A-AE90-CF989A376F48}.Release|Any CPU.ActiveCfg = Release|Any CPU
		{C0B26BDE-C1C9-442A-AE90-CF989A376F48}.Release|Any CPU.Build.0 = Release|Any CPU
		{1B1A72E9-395D-4786-8038-133663F7264B}.Debug|Any CPU.ActiveCfg = Debug|Any CPU
		{1B1A72E9-395D-4786-8038-133663F7264B}.Debug|Any CPU.Build.0 = Debug|Any CPU
		{1B1A72E9-395D-4786-8038-133663F7264B}.Release|Any CPU.ActiveCfg = Release|Any CPU
		{1B1A72E9-395D-4786-8038-133663F7264B}.Release|Any CPU.Build.0 = Release|Any CPU
		{C88215D0-E3B2-4F84-A04C-1521F747FF6C}.Debug|Any CPU.ActiveCfg = Debug|Any CPU
		{C88215D0-E3B2-4F84-A04C-1521F747FF6C}.Debug|Any CPU.Build.0 = Debug|Any CPU
		{C88215D0-E3B2-4F84-A04C-1521F747FF6C}.Release|Any CPU.ActiveCfg = Release|Any CPU
		{C88215D0-E3B2-4F84-A04C-1521F747FF6C}.Release|Any CPU.Build.0 = Release|Any CPU
		{4E42167E-E1FA-46B3-86AC-8973B1DE9DEF}.Debug|Any CPU.ActiveCfg = Debug|Any CPU
		{4E42167E-E1FA-46B3-86AC-8973B1DE9DEF}.Debug|Any CPU.Build.0 = Debug|Any CPU
		{4E42167E-E1FA-46B3-86AC-8973B1DE9DEF}.Release|Any CPU.ActiveCfg = Release|Any CPU
		{4E42167E-E1FA-46B3-86AC-8973B1DE9DEF}.Release|Any CPU.Build.0 = Release|Any CPU
		{03C06B25-6C9B-47BC-A3EC-7A86B3EF857B}.Debug|Any CPU.ActiveCfg = Debug|Any CPU
		{03C06B25-6C9B-47BC-A3EC-7A86B3EF857B}.Debug|Any CPU.Build.0 = Debug|Any CPU
		{03C06B25-6C9B-47BC-A3EC-7A86B3EF857B}.Release|Any CPU.ActiveCfg = Release|Any CPU
		{03C06B25-6C9B-47BC-A3EC-7A86B3EF857B}.Release|Any CPU.Build.0 = Release|Any CPU
		{570586AD-57A3-4754-BEA8-FB8461349D7E}.Debug|Any CPU.ActiveCfg = Debug|Any CPU
		{570586AD-57A3-4754-BEA8-FB8461349D7E}.Debug|Any CPU.Build.0 = Debug|Any CPU
		{570586AD-57A3-4754-BEA8-FB8461349D7E}.Release|Any CPU.ActiveCfg = Release|Any CPU
		{570586AD-57A3-4754-BEA8-FB8461349D7E}.Release|Any CPU.Build.0 = Release|Any CPU
	EndGlobalSection
	GlobalSection(SolutionProperties) = preSolution
		HideSolutionNode = FALSE
	EndGlobalSection
	GlobalSection(ExtensibilityGlobals) = postSolution
		SolutionGuid = {FDBBB3DF-CCD8-4075-BF00-D31EBF5E5109}
	EndGlobalSection
EndGlobal
